
Microsoft Visual Studio Solution File, Format Version 12.00
# Visual Studio Version 17
VisualStudioVersion = 17.11.35327.3
MinimumVisualStudioVersion = 10.0.40219.1
Project("{FAE04EC0-301F-11D3-BF4B-00C04F79EFBC}") = "LaptopStore", "LaptopStore.csproj", "{B05E4055-A79B-4DEA-87CB-AD9083C0A8CA}"
EndProject
Global
	GlobalSection(SolutionConfigurationPlatforms) = preSolution
		Debug|Any CPU = Debug|Any CPU
		Release|Any CPU = Release|Any CPU
	EndGlobalSection
	GlobalSection(ProjectConfigurationPlatforms) = postSolution
		{B05E4055-A79B-4DEA-87CB-AD9083C0A8CA}.Debug|Any CPU.ActiveCfg = Debug|Any CPU
		{B05E4055-A79B-4DEA-87CB-AD9083C0A8CA}.Debug|Any CPU.Build.0 = Debug|Any CPU
		{B05E4055-A79B-4DEA-87CB-AD9083C0A8CA}.Release|Any CPU.ActiveCfg = Release|Any CPU
		{B05E4055-A79B-4DEA-87CB-AD9083C0A8CA}.Release|Any CPU.Build.0 = Release|Any CPU
	EndGlobalSection
	GlobalSection(SolutionProperties) = preSolution
		HideSolutionNode = FALSE
	EndGlobalSection
	GlobalSection(ExtensibilityGlobals) = postSolution
		SolutionGuid = {DF35A13C-395C-435F-8EEE-39B14CA5B9F7}
	EndGlobalSection
EndGlobal
